
Microsoft Visual Studio Solution File, Format Version 12.00
# Visual Studio Version 16
VisualStudioVersion = 16.0.29424.173
MinimumVisualStudioVersion = 10.0.40219.1
Project("{9A19103F-16F7-4668-BE54-9A1E7A4F7556}") = "Minesweeper", "Minesweeper\Minesweeper.csproj", "{6390E385-EB12-4FDD-B476-D1CB662C2682}"
EndProject
Project("{FAE04EC0-301F-11D3-BF4B-00C04F79EFBC}") = "Minesweeper_InterfazGráfica", "Minesweeper_InterfazGráfica\Minesweeper_InterfazGráfica.csproj", "{4A5E02C1-A42A-4172-9478-82F327E8E83E}"
EndProject
Global
	GlobalSection(SolutionConfigurationPlatforms) = preSolution
		Debug|Any CPU = Debug|Any CPU
		Release|Any CPU = Release|Any CPU
	EndGlobalSection
	GlobalSection(ProjectConfigurationPlatforms) = postSolution
		{6390E385-EB12-4FDD-B476-D1CB662C2682}.Debug|Any CPU.ActiveCfg = Debug|Any CPU
		{6390E385-EB12-4FDD-B476-D1CB662C2682}.Debug|Any CPU.Build.0 = Debug|Any CPU
		{6390E385-EB12-4FDD-B476-D1CB662C2682}.Release|Any CPU.ActiveCfg = Release|Any CPU
		{6390E385-EB12-4FDD-B476-D1CB662C2682}.Release|Any CPU.Build.0 = Release|Any CPU
		{4A5E02C1-A42A-4172-9478-82F327E8E83E}.Debug|Any CPU.ActiveCfg = Debug|Any CPU
		{4A5E02C1-A42A-4172-9478-82F327E8E83E}.Debug|Any CPU.Build.0 = Debug|Any CPU
		{4A5E02C1-A42A-4172-9478-82F327E8E83E}.Release|Any CPU.ActiveCfg = Release|Any CPU
		{4A5E02C1-A42A-4172-9478-82F327E8E83E}.Release|Any CPU.Build.0 = Release|Any CPU
	EndGlobalSection
	GlobalSection(SolutionProperties) = preSolution
		HideSolutionNode = FALSE
	EndGlobalSection
	GlobalSection(ExtensibilityGlobals) = postSolution
		SolutionGuid = {BE21B80E-E96E-4A52-A36A-8F367134D408}
	EndGlobalSection
EndGlobal
