
Microsoft Visual Studio Solution File, Format Version 12.00
# Visual Studio Version 16
VisualStudioVersion = 16.0.29424.173
MinimumVisualStudioVersion = 10.0.40219.1
Project("{FAE04EC0-301F-11D3-BF4B-00C04F79EFBC}") = "Minesweeper_InterfazGráfica", "Minesweeper_InterfazGráfica\Minesweeper_InterfazGráfica.csproj", "{4A5E02C1-A42A-4172-9478-82F327E8E83E}"
EndProject
Project("{FAE04EC0-301F-11D3-BF4B-00C04F79EFBC}") = "Minesweeper Final", "Minesweeper Final\Minesweeper Final.csproj", "{D6008A1B-89A4-444F-B864-5E40332659BD}"
EndProject
Global
	GlobalSection(SolutionConfigurationPlatforms) = preSolution
		Debug|Any CPU = Debug|Any CPU
		Release|Any CPU = Release|Any CPU
	EndGlobalSection
	GlobalSection(ProjectConfigurationPlatforms) = postSolution
		{4A5E02C1-A42A-4172-9478-82F327E8E83E}.Debug|Any CPU.ActiveCfg = Debug|Any CPU
		{4A5E02C1-A42A-4172-9478-82F327E8E83E}.Debug|Any CPU.Build.0 = Debug|Any CPU
		{4A5E02C1-A42A-4172-9478-82F327E8E83E}.Release|Any CPU.ActiveCfg = Release|Any CPU
		{4A5E02C1-A42A-4172-9478-82F327E8E83E}.Release|Any CPU.Build.0 = Release|Any CPU
		{D6008A1B-89A4-444F-B864-5E40332659BD}.Debug|Any CPU.ActiveCfg = Debug|Any CPU
		{D6008A1B-89A4-444F-B864-5E40332659BD}.Debug|Any CPU.Build.0 = Debug|Any CPU
		{D6008A1B-89A4-444F-B864-5E40332659BD}.Release|Any CPU.ActiveCfg = Release|Any CPU
		{D6008A1B-89A4-444F-B864-5E40332659BD}.Release|Any CPU.Build.0 = Release|Any CPU
	EndGlobalSection
	GlobalSection(SolutionProperties) = preSolution
		HideSolutionNode = FALSE
	EndGlobalSection
	GlobalSection(ExtensibilityGlobals) = postSolution
		SolutionGuid = {BE21B80E-E96E-4A52-A36A-8F367134D408}
	EndGlobalSection
EndGlobal
